PODS:
  - YouboraLib (6.0.5-beta)

DEPENDENCIES:
  - YouboraLib (from `../lib-plugin-ios`)

EXTERNAL SOURCES:
  YouboraLib:
    :path: ../lib-plugin-ios

SPEC CHECKSUMS:
  YouboraLib: c8585b7c68585a4eea896d712f6c8c1ef7f7fccb

PODFILE CHECKSUM: 916178fd842cbf8887d73de4a964adfb8172b1e8

COCOAPODS: 1.3.1
