PODS:
  - AVPlayerDNAPlugin (1.1.12):
    - StreamrootSDK (~> 3.15.1)
  - google-cast-sdk (4.4.5):
    - google-cast-sdk/Core (= 4.4.5)
    - Protobuf (~> 3.0)
  - google-cast-sdk/Core (4.4.5):
    - Protobuf (~> 3.0)
  - Protobuf (3.10.0)
  - Sentry (4.4.0):
    - Sentry/Core (= 4.4.0)
  - Sentry/Core (4.4.0)
  - Starscream (3.1.0)
  - StreamrootSDK (3.15.1):
    - Sentry (= 4.4.0)
    - Starscream (= 3.1.0)
    - SwiftProtobuf (= 1.6.0)
  - SwiftProtobuf (1.6.0)
  - YouboraLib (6.5.8)

DEPENDENCIES:
  - AVPlayerDNAPlugin (~> 1.1.9)
  - google-cast-sdk (< 5.0, >= 4.4.2)
  - YouboraLib (~> 6.5.0)

SPEC REPOS:
  https://github.com/cocoapods/specs.git:
    - AVPlayerDNAPlugin
    - google-cast-sdk
    - Protobuf
    - Sentry
    - Starscream
    - StreamrootSDK
    - SwiftProtobuf
    - YouboraLib

SPEC CHECKSUMS:
  AVPlayerDNAPlugin: fb0a52a327e9dc7cb9b3b43a912857c66363febc
  google-cast-sdk: 26aba79950b712035efb6801dee2d7db2b7f58e5
  Protobuf: a4dc852ad69c027ca2166ed287b856697814375b
  Sentry: 26650184fe71eb7476dfd2737acb5ea6cc64b4b1
  Starscream: 08172b481e145289c4930cb567230fb55897cfa4
  StreamrootSDK: 9c7616fe7ba17b921ed4d73d8b8a051027c22690
  SwiftProtobuf: e905ca1366405696411aaf174411c4b19c0ef73d
  YouboraLib: 87e023e76dd68dfc3fcdebcfb984adc6774706f7

PODFILE CHECKSUM: dce4f62ce8cbfd3eaf8e99abfba13992907e93e5

COCOAPODS: 1.7.5
