PODS:
  - YouboraLib (6.0.0-rc)

DEPENDENCIES:
  - YouboraLib (from `https://github.com/NPAW/lib-plugin-ios.git`, tag `6.0.0-rc`)

EXTERNAL SOURCES:
  YouboraLib:
    :git: https://github.com/NPAW/lib-plugin-ios.git
    :tag: 6.0.0-rc

CHECKOUT OPTIONS:
  YouboraLib:
    :git: https://github.com/NPAW/lib-plugin-ios.git
    :tag: 6.0.0-rc

SPEC CHECKSUMS:
  YouboraLib: 87b616d56ac2e4ba445420afc5c2650b81903bb5

PODFILE CHECKSUM: c24198a88cdbe02482f610355fe481756f2c832c

COCOAPODS: 1.2.1
