// !$*UTF8*$!
{
	archiveVersion = 1;
	classes = {
	};
	objectVersion = 51;
	objects = {

/* Begin PBXBuildFile section */
		067658E22514FC4E00543ACD /* MenuViewController.swift in Sources */ = {isa = PBXBuildFile; fileRef = 067658E02514FC4E00543ACD /* MenuViewController.swift */; };
		067658E32514FC4E00543ACD /* MenuViewController.xib in Resources */ = {isa = PBXBuildFile; fileRef = 067658E12514FC4E00543ACD /* MenuViewController.xib */; };
		0694F8032515159400049917 /* PlayerViewController.swift in Sources */ = {isa = PBXBuildFile; fileRef = 0694F8022515159400049917 /* PlayerViewController.swift */; };
		06EA7BAE2513CEAC0005D4E5 /* AppDelegate.swift in Sources */ = {isa = PBXBuildFile; fileRef = 06EA7BAD2513CEAC0005D4E5 /* AppDelegate.swift */; };
		06EA7BB22513CEAC0005D4E5 /* PlayerViewController.swift in Sources */ = {isa = PBXBuildFile; fileRef = 06EA7BB12513CEAC0005D4E5 /* PlayerViewController.swift */; };
		06EA7BC82513CFAB0005D4E5 /* AppDelegate.swift in Sources */ = {isa = PBXBuildFile; fileRef = 06EA7BC72513CFAB0005D4E5 /* AppDelegate.swift */; };
		06EA7BD82513D0CC0005D4E5 /* YouboraAVPlayerAdapter.framework in Frameworks */ = {isa = PBXBuildFile; fileRef = 06EA7BD72513D0CC0005D4E5 /* YouboraAVPlayerAdapter.framework */; };
		06EA7BD92513D0CC0005D4E5 /* YouboraAVPlayerAdapter.framework in Embed Frameworks */ = {isa = PBXBuildFile; fileRef = 06EA7BD72513D0CC0005D4E5 /* YouboraAVPlayerAdapter.framework */; settings = {ATTRIBUTES = (RemoveHeadersOnCopy, ); }; };
		06EA7BDC2513D0D50005D4E5 /* YouboraAVPlayerAdapter.framework in Frameworks */ = {isa = PBXBuildFile; fileRef = 06EA7BDB2513D0D50005D4E5 /* YouboraAVPlayerAdapter.framework */; };
		06EA7BDD2513D0D50005D4E5 /* YouboraAVPlayerAdapter.framework in Embed Frameworks */ = {isa = PBXBuildFile; fileRef = 06EA7BDB2513D0D50005D4E5 /* YouboraAVPlayerAdapter.framework */; settings = {ATTRIBUTES = (RemoveHeadersOnCopy, ); }; };
		06EA7BE22513D3F90005D4E5 /* MenuViewController.swift in Sources */ = {isa = PBXBuildFile; fileRef = 06EA7BE02513D3F90005D4E5 /* MenuViewController.swift */; };
		06EA7BE32513D3F90005D4E5 /* MenuViewController.xib in Resources */ = {isa = PBXBuildFile; fileRef = 06EA7BE12513D3F90005D4E5 /* MenuViewController.xib */; };
		4E78F6CD3121AB5FAF93FE1A /* Pods_AVPlayerPolynetSample.framework in Frameworks */ = {isa = PBXBuildFile; fileRef = EC2A6D5D1904FC389CEEDEC9 /* Pods_AVPlayerPolynetSample.framework */; };
		B3BEF7CEBC1D27D98C647547 /* Pods_AVPlayerPolynetSample_tvOS.framework in Frameworks */ = {isa = PBXBuildFile; fileRef = 6C88394EF2385489F39AC5A2 /* Pods_AVPlayerPolynetSample_tvOS.framework */; };
/* End PBXBuildFile section */

/* Begin PBXCopyFilesBuildPhase section */
		06EA7BDA2513D0CC0005D4E5 /* Embed Frameworks */ = {
			isa = PBXCopyFilesBuildPhase;
			buildActionMask = 2147483647;
			dstPath = "";
			dstSubfolderSpec = 10;
			files = (
				06EA7BD92513D0CC0005D4E5 /* YouboraAVPlayerAdapter.framework in Embed Frameworks */,
			);
			name = "Embed Frameworks";
			runOnlyForDeploymentPostprocessing = 0;
		};
		06EA7BDE2513D0D50005D4E5 /* Embed Frameworks */ = {
			isa = PBXCopyFilesBuildPhase;
			buildActionMask = 2147483647;
			dstPath = "";
			dstSubfolderSpec = 10;
			files = (
				06EA7BDD2513D0D50005D4E5 /* YouboraAVPlayerAdapter.framework in Embed Frameworks */,
			);
			name = "Embed Frameworks";
			runOnlyForDeploymentPostprocessing = 0;
		};
/* End PBXCopyFilesBuildPhase section */

/* Begin PBXFileReference section */
		067658E02514FC4E00543ACD /* MenuViewController.swift */ = {isa = PBXFileReference; lastKnownFileType = sourcecode.swift; path = MenuViewController.swift; sourceTree = "<group>"; };
		067658E12514FC4E00543ACD /* MenuViewController.xib */ = {isa = PBXFileReference; lastKnownFileType = file.xib; path = MenuViewController.xib; sourceTree = "<group>"; };
		0694F8022515159400049917 /* PlayerViewController.swift */ = {isa = PBXFileReference; lastKnownFileType = sourcecode.swift; path = PlayerViewController.swift; sourceTree = "<group>"; };
		06EA7BAA2513CEAC0005D4E5 /* AVPlayerPolynetSample.app */ = {isa = PBXFileReference; explicitFileType = wrapper.application; includeInIndex = 0; path = AVPlayerPolynetSample.app; sourceTree = BUILT_PRODUCTS_DIR; };
		06EA7BAD2513CEAC0005D4E5 /* AppDelegate.swift */ = {isa = PBXFileReference; lastKnownFileType = sourcecode.swift; path = AppDelegate.swift; sourceTree = "<group>"; };
		06EA7BB12513CEAC0005D4E5 /* PlayerViewController.swift */ = {isa = PBXFileReference; lastKnownFileType = sourcecode.swift; path = PlayerViewController.swift; sourceTree = "<group>"; };
		06EA7BBB2513CEAE0005D4E5 /* Info.plist */ = {isa = PBXFileReference; lastKnownFileType = text.plist.xml; path = Info.plist; sourceTree = "<group>"; };
		06EA7BC52513CFAB0005D4E5 /* AVPlayerPolynetSample_tvOS.app */ = {isa = PBXFileReference; explicitFileType = wrapper.application; includeInIndex = 0; path = AVPlayerPolynetSample_tvOS.app; sourceTree = BUILT_PRODUCTS_DIR; };
		06EA7BC72513CFAB0005D4E5 /* AppDelegate.swift */ = {isa = PBXFileReference; lastKnownFileType = sourcecode.swift; path = AppDelegate.swift; sourceTree = "<group>"; };
		06EA7BD32513CFAC0005D4E5 /* Info.plist */ = {isa = PBXFileReference; lastKnownFileType = text.plist.xml; path = Info.plist; sourceTree = "<group>"; };
		06EA7BD72513D0CC0005D4E5 /* YouboraAVPlayerAdapter.framework */ = {isa = PBXFileReference; explicitFileType = wrapper.framework; path = YouboraAVPlayerAdapter.framework; sourceTree = BUILT_PRODUCTS_DIR; };
		06EA7BDB2513D0D50005D4E5 /* YouboraAVPlayerAdapter.framework */ = {isa = PBXFileReference; explicitFileType = wrapper.framework; path = YouboraAVPlayerAdapter.framework; sourceTree = BUILT_PRODUCTS_DIR; };
		06EA7BE02513D3F90005D4E5 /* MenuViewController.swift */ = {isa = PBXFileReference; lastKnownFileType = sourcecode.swift; path = MenuViewController.swift; sourceTree = "<group>"; };
		06EA7BE12513D3F90005D4E5 /* MenuViewController.xib */ = {isa = PBXFileReference; lastKnownFileType = file.xib; path = MenuViewController.xib; sourceTree = "<group>"; };
		10551A58CD32B17B9DFEE5E8 /* Pods-AVPlayerPolynetSample_tvOS.release.xcconfig */ = {isa = PBXFileReference; includeInIndex = 1; lastKnownFileType = text.xcconfig; name = "Pods-AVPlayerPolynetSample_tvOS.release.xcconfig"; path = "Target Support Files/Pods-AVPlayerPolynetSample_tvOS/Pods-AVPlayerPolynetSample_tvOS.release.xcconfig"; sourceTree = "<group>"; };
		6C88394EF2385489F39AC5A2 /* Pods_AVPlayerPolynetSample_tvOS.framework */ = {isa = PBXFileReference; explicitFileType = wrapper.framework; includeInIndex = 0; path = Pods_AVPlayerPolynetSample_tvOS.framework; sourceTree = BUILT_PRODUCTS_DIR; };
		9B7EA54C2B75E460D3D11A18 /* Pods-AVPlayerPolynetSample.debug.xcconfig */ = {isa = PBXFileReference; includeInIndex = 1; lastKnownFileType = text.xcconfig; name = "Pods-AVPlayerPolynetSample.debug.xcconfig"; path = "Target Support Files/Pods-AVPlayerPolynetSample/Pods-AVPlayerPolynetSample.debug.xcconfig"; sourceTree = "<group>"; };
		BB5467C6CBA44167DDE5BAD1 /* Pods-AVPlayerPolynetSample.release.xcconfig */ = {isa = PBXFileReference; includeInIndex = 1; lastKnownFileType = text.xcconfig; name = "Pods-AVPlayerPolynetSample.release.xcconfig"; path = "Target Support Files/Pods-AVPlayerPolynetSample/Pods-AVPlayerPolynetSample.release.xcconfig"; sourceTree = "<group>"; };
		BDC8C782E91758B1CA277331 /* Pods-AVPlayerPolynetSample_tvOS.debug.xcconfig */ = {isa = PBXFileReference; includeInIndex = 1; lastKnownFileType = text.xcconfig; name = "Pods-AVPlayerPolynetSample_tvOS.debug.xcconfig"; path = "Target Support Files/Pods-AVPlayerPolynetSample_tvOS/Pods-AVPlayerPolynetSample_tvOS.debug.xcconfig"; sourceTree = "<group>"; };
		EC2A6D5D1904FC389CEEDEC9 /* Pods_AVPlayerPolynetSample.framework */ = {isa = PBXFileReference; explicitFileType = wrapper.framework; includeInIndex = 0; path = Pods_AVPlayerPolynetSample.framework; sourceTree = BUILT_PRODUCTS_DIR; };
/* End PBXFileReference section */

/* Begin PBXFrameworksBuildPhase section */
		06EA7BA72513CEAC0005D4E5 /* Frameworks */ = {
			isa = PBXFrameworksBuildPhase;
			buildActionMask = 2147483647;
			files = (
				06EA7BD82513D0CC0005D4E5 /* YouboraAVPlayerAdapter.framework in Frameworks */,
				4E78F6CD3121AB5FAF93FE1A /* Pods_AVPlayerPolynetSample.framework in Frameworks */,
			);
			runOnlyForDeploymentPostprocessing = 0;
		};
		06EA7BC22513CFAB0005D4E5 /* Frameworks */ = {
			isa = PBXFrameworksBuildPhase;
			buildActionMask = 2147483647;
			files = (
				06EA7BDC2513D0D50005D4E5 /* YouboraAVPlayerAdapter.framework in Frameworks */,
				B3BEF7CEBC1D27D98C647547 /* Pods_AVPlayerPolynetSample_tvOS.framework in Frameworks */,
			);
			runOnlyForDeploymentPostprocessing = 0;
		};
/* End PBXFrameworksBuildPhase section */

/* Begin PBXGroup section */
		067658DF2514FC4000543ACD /* Menu */ = {
			isa = PBXGroup;
			children = (
				067658E02514FC4E00543ACD /* MenuViewController.swift */,
				067658E12514FC4E00543ACD /* MenuViewController.xib */,
			);
			path = Menu;
			sourceTree = "<group>";
		};
		06EA7BA12513CEAC0005D4E5 = {
			isa = PBXGroup;
			children = (
				06EA7BAC2513CEAC0005D4E5 /* AVPlayerPolynetSample */,
				06EA7BC62513CFAB0005D4E5 /* AVPlayerPolynetSample_tvOS */,
				06EA7BAB2513CEAC0005D4E5 /* Products */,
				710DF076479F8BDA473B5080 /* Pods */,
				EC514C2C6222C410E3AD2E96 /* Frameworks */,
			);
			sourceTree = "<group>";
		};
		06EA7BAB2513CEAC0005D4E5 /* Products */ = {
			isa = PBXGroup;
			children = (
				06EA7BAA2513CEAC0005D4E5 /* AVPlayerPolynetSample.app */,
				06EA7BC52513CFAB0005D4E5 /* AVPlayerPolynetSample_tvOS.app */,
			);
			name = Products;
			sourceTree = "<group>";
		};
		06EA7BAC2513CEAC0005D4E5 /* AVPlayerPolynetSample */ = {
			isa = PBXGroup;
			children = (
				06EA7BDF2513D3EA0005D4E5 /* Menu */,
				06EA7BAD2513CEAC0005D4E5 /* AppDelegate.swift */,
				06EA7BB12513CEAC0005D4E5 /* PlayerViewController.swift */,
				06EA7BBB2513CEAE0005D4E5 /* Info.plist */,
			);
			path = AVPlayerPolynetSample;
			sourceTree = "<group>";
		};
		06EA7BC62513CFAB0005D4E5 /* AVPlayerPolynetSample_tvOS */ = {
			isa = PBXGroup;
			children = (
				067658DF2514FC4000543ACD /* Menu */,
				06EA7BC72513CFAB0005D4E5 /* AppDelegate.swift */,
				06EA7BD32513CFAC0005D4E5 /* Info.plist */,
				0694F8022515159400049917 /* PlayerViewController.swift */,
			);
			path = AVPlayerPolynetSample_tvOS;
			sourceTree = "<group>";
		};
		06EA7BDF2513D3EA0005D4E5 /* Menu */ = {
			isa = PBXGroup;
			children = (
				06EA7BE02513D3F90005D4E5 /* MenuViewController.swift */,
				06EA7BE12513D3F90005D4E5 /* MenuViewController.xib */,
			);
			path = Menu;
			sourceTree = "<group>";
		};
		710DF076479F8BDA473B5080 /* Pods */ = {
			isa = PBXGroup;
			children = (
				9B7EA54C2B75E460D3D11A18 /* Pods-AVPlayerPolynetSample.debug.xcconfig */,
				BB5467C6CBA44167DDE5BAD1 /* Pods-AVPlayerPolynetSample.release.xcconfig */,
				BDC8C782E91758B1CA277331 /* Pods-AVPlayerPolynetSample_tvOS.debug.xcconfig */,
				10551A58CD32B17B9DFEE5E8 /* Pods-AVPlayerPolynetSample_tvOS.release.xcconfig */,
			);
			path = Pods;
			sourceTree = "<group>";
		};
		EC514C2C6222C410E3AD2E96 /* Frameworks */ = {
			isa = PBXGroup;
			children = (
				06EA7BDB2513D0D50005D4E5 /* YouboraAVPlayerAdapter.framework */,
				06EA7BD72513D0CC0005D4E5 /* YouboraAVPlayerAdapter.framework */,
				EC2A6D5D1904FC389CEEDEC9 /* Pods_AVPlayerPolynetSample.framework */,
				6C88394EF2385489F39AC5A2 /* Pods_AVPlayerPolynetSample_tvOS.framework */,
			);
			name = Frameworks;
			sourceTree = "<group>";
		};
/* End PBXGroup section */

/* Begin PBXNativeTarget section */
		06EA7BA92513CEAC0005D4E5 /* AVPlayerPolynetSample */ = {
			isa = PBXNativeTarget;
			buildConfigurationList = 06EA7BBE2513CEAE0005D4E5 /* Build configuration list for PBXNativeTarget "AVPlayerPolynetSample" */;
			buildPhases = (
				9A5D7B1E85CAA0008FCF348D /* [CP] Check Pods Manifest.lock */,
				06EA7BA62513CEAC0005D4E5 /* Sources */,
				06EA7BA72513CEAC0005D4E5 /* Frameworks */,
				06EA7BA82513CEAC0005D4E5 /* Resources */,
				06EA7BDA2513D0CC0005D4E5 /* Embed Frameworks */,
				4553F0BE190BDE83BF732E60 /* [CP] Embed Pods Frameworks */,
			);
			buildRules = (
			);
			dependencies = (
			);
			name = AVPlayerPolynetSample;
			productName = AVPlayerPolynetSample;
			productReference = 06EA7BAA2513CEAC0005D4E5 /* AVPlayerPolynetSample.app */;
			productType = "com.apple.product-type.application";
		};
		06EA7BC42513CFAB0005D4E5 /* AVPlayerPolynetSample_tvOS */ = {
			isa = PBXNativeTarget;
			buildConfigurationList = 06EA7BD42513CFAC0005D4E5 /* Build configuration list for PBXNativeTarget "AVPlayerPolynetSample_tvOS" */;
			buildPhases = (
				653A3FBABF8EB9DF5E743497 /* [CP] Check Pods Manifest.lock */,
				06EA7BC12513CFAB0005D4E5 /* Sources */,
				06EA7BC22513CFAB0005D4E5 /* Frameworks */,
				06EA7BC32513CFAB0005D4E5 /* Resources */,
				06EA7BDE2513D0D50005D4E5 /* Embed Frameworks */,
				FA65448064FE651222D6D284 /* [CP] Embed Pods Frameworks */,
			);
			buildRules = (
			);
			dependencies = (
			);
			name = AVPlayerPolynetSample_tvOS;
			productName = AVPlayerPolynetSample_tvOS;
			productReference = 06EA7BC52513CFAB0005D4E5 /* AVPlayerPolynetSample_tvOS.app */;
			productType = "com.apple.product-type.application";
		};
/* End PBXNativeTarget section */

/* Begin PBXProject section */
		06EA7BA22513CEAC0005D4E5 /* Project object */ = {
			isa = PBXProject;
			attributes = {
				LastSwiftUpdateCheck = 1160;
				LastUpgradeCheck = 1160;
				ORGANIZATIONNAME = NicePeopleAtWork;
				TargetAttributes = {
					06EA7BA92513CEAC0005D4E5 = {
						CreatedOnToolsVersion = 11.6;
					};
					06EA7BC42513CFAB0005D4E5 = {
						CreatedOnToolsVersion = 11.6;
					};
				};
			};
			buildConfigurationList = 06EA7BA52513CEAC0005D4E5 /* Build configuration list for PBXProject "AVPlayerPolynetSample" */;
			compatibilityVersion = "Xcode 9.3";
			developmentRegion = en;
			hasScannedForEncodings = 0;
			knownRegions = (
				en,
				Base,
			);
			mainGroup = 06EA7BA12513CEAC0005D4E5;
			productRefGroup = 06EA7BAB2513CEAC0005D4E5 /* Products */;
			projectDirPath = "";
			projectRoot = "";
			targets = (
				06EA7BA92513CEAC0005D4E5 /* AVPlayerPolynetSample */,
				06EA7BC42513CFAB0005D4E5 /* AVPlayerPolynetSample_tvOS */,
			);
		};
/* End PBXProject section */

/* Begin PBXResourcesBuildPhase section */
		06EA7BA82513CEAC0005D4E5 /* Resources */ = {
			isa = PBXResourcesBuildPhase;
			buildActionMask = 2147483647;
			files = (
				06EA7BE32513D3F90005D4E5 /* MenuViewController.xib in Resources */,
			);
			runOnlyForDeploymentPostprocessing = 0;
		};
		06EA7BC32513CFAB0005D4E5 /* Resources */ = {
			isa = PBXResourcesBuildPhase;
			buildActionMask = 2147483647;
			files = (
				067658E32514FC4E00543ACD /* MenuViewController.xib in Resources */,
			);
			runOnlyForDeploymentPostprocessing = 0;
		};
/* End PBXResourcesBuildPhase section */

/* Begin PBXShellScriptBuildPhase section */
		4553F0BE190BDE83BF732E60 /* [CP] Embed Pods Frameworks */ = {
			isa = PBXShellScriptBuildPhase;
			buildActionMask = 2147483647;
			files = (
			);
			inputFileListPaths = (
				"${PODS_ROOT}/Target Support Files/Pods-AVPlayerPolynetSample/Pods-AVPlayerPolynetSample-frameworks-${CONFIGURATION}-input-files.xcfilelist",
			);
			name = "[CP] Embed Pods Frameworks";
			outputFileListPaths = (
				"${PODS_ROOT}/Target Support Files/Pods-AVPlayerPolynetSample/Pods-AVPlayerPolynetSample-frameworks-${CONFIGURATION}-output-files.xcfilelist",
			);
			runOnlyForDeploymentPostprocessing = 0;
			shellPath = /bin/sh;
			shellScript = "\"${PODS_ROOT}/Target Support Files/Pods-AVPlayerPolynetSample/Pods-AVPlayerPolynetSample-frameworks.sh\"\n";
			showEnvVarsInLog = 0;
		};
		653A3FBABF8EB9DF5E743497 /* [CP] Check Pods Manifest.lock */ = {
			isa = PBXShellScriptBuildPhase;
			buildActionMask = 2147483647;
			files = (
			);
			inputFileListPaths = (
			);
			inputPaths = (
				"${PODS_PODFILE_DIR_PATH}/Podfile.lock",
				"${PODS_ROOT}/Manifest.lock",
			);
			name = "[CP] Check Pods Manifest.lock";
			outputFileListPaths = (
			);
			outputPaths = (
				"$(DERIVED_FILE_DIR)/Pods-AVPlayerPolynetSample_tvOS-checkManifestLockResult.txt",
			);
			runOnlyForDeploymentPostprocessing = 0;
			shellPath = /bin/sh;
			shellScript = "diff \"${PODS_PODFILE_DIR_PATH}/Podfile.lock\" \"${PODS_ROOT}/Manifest.lock\" > /dev/null\nif [ $? != 0 ] ; then\n    # print error to STDERR\n    echo \"error: The sandbox is not in sync with the Podfile.lock. Run 'pod install' or update your CocoaPods installation.\" >&2\n    exit 1\nfi\n# This output is used by Xcode 'outputs' to avoid re-running this script phase.\necho \"SUCCESS\" > \"${SCRIPT_OUTPUT_FILE_0}\"\n";
			showEnvVarsInLog = 0;
		};
		9A5D7B1E85CAA0008FCF348D /* [CP] Check Pods Manifest.lock */ = {
			isa = PBXShellScriptBuildPhase;
			buildActionMask = 2147483647;
			files = (
			);
			inputFileListPaths = (
			);
			inputPaths = (
				"${PODS_PODFILE_DIR_PATH}/Podfile.lock",
				"${PODS_ROOT}/Manifest.lock",
			);
			name = "[CP] Check Pods Manifest.lock";
			outputFileListPaths = (
			);
			outputPaths = (
				"$(DERIVED_FILE_DIR)/Pods-AVPlayerPolynetSample-checkManifestLockResult.txt",
			);
			runOnlyForDeploymentPostprocessing = 0;
			shellPath = /bin/sh;
			shellScript = "diff \"${PODS_PODFILE_DIR_PATH}/Podfile.lock\" \"${PODS_ROOT}/Manifest.lock\" > /dev/null\nif [ $? != 0 ] ; then\n    # print error to STDERR\n    echo \"error: The sandbox is not in sync with the Podfile.lock. Run 'pod install' or update your CocoaPods installation.\" >&2\n    exit 1\nfi\n# This output is used by Xcode 'outputs' to avoid re-running this script phase.\necho \"SUCCESS\" > \"${SCRIPT_OUTPUT_FILE_0}\"\n";
			showEnvVarsInLog = 0;
		};
		FA65448064FE651222D6D284 /* [CP] Embed Pods Frameworks */ = {
			isa = PBXShellScriptBuildPhase;
			buildActionMask = 2147483647;
			files = (
			);
			inputFileListPaths = (
				"${PODS_ROOT}/Target Support Files/Pods-AVPlayerPolynetSample_tvOS/Pods-AVPlayerPolynetSample_tvOS-frameworks-${CONFIGURATION}-input-files.xcfilelist",
			);
			name = "[CP] Embed Pods Frameworks";
			outputFileListPaths = (
				"${PODS_ROOT}/Target Support Files/Pods-AVPlayerPolynetSample_tvOS/Pods-AVPlayerPolynetSample_tvOS-frameworks-${CONFIGURATION}-output-files.xcfilelist",
			);
			runOnlyForDeploymentPostprocessing = 0;
			shellPath = /bin/sh;
			shellScript = "\"${PODS_ROOT}/Target Support Files/Pods-AVPlayerPolynetSample_tvOS/Pods-AVPlayerPolynetSample_tvOS-frameworks.sh\"\n";
			showEnvVarsInLog = 0;
		};
/* End PBXShellScriptBuildPhase section */

/* Begin PBXSourcesBuildPhase section */
		06EA7BA62513CEAC0005D4E5 /* Sources */ = {
			isa = PBXSourcesBuildPhase;
			buildActionMask = 2147483647;
			files = (
				06EA7BB22513CEAC0005D4E5 /* PlayerViewController.swift in Sources */,
				06EA7BE22513D3F90005D4E5 /* MenuViewController.swift in Sources */,
				06EA7BAE2513CEAC0005D4E5 /* AppDelegate.swift in Sources */,
			);
			runOnlyForDeploymentPostprocessing = 0;
		};
		06EA7BC12513CFAB0005D4E5 /* Sources */ = {
			isa = PBXSourcesBuildPhase;
			buildActionMask = 2147483647;
			files = (
				067658E22514FC4E00543ACD /* MenuViewController.swift in Sources */,
				06EA7BC82513CFAB0005D4E5 /* AppDelegate.swift in Sources */,
				0694F8032515159400049917 /* PlayerViewController.swift in Sources */,
			);
			runOnlyForDeploymentPostprocessing = 0;
		};
/* End PBXSourcesBuildPhase section */

/* Begin XCBuildConfiguration section */
		06EA7BBC2513CEAE0005D4E5 /* Debug */ = {
			isa = XCBuildConfiguration;
			buildSettings = {
				ALWAYS_SEARCH_USER_PATHS = NO;
				CLANG_ANALYZER_NONNULL = YES;
				CLANG_ANALYZER_NUMBER_OBJECT_CONVERSION = YES_AGGRESSIVE;
				CLANG_CXX_LANGUAGE_STANDARD = "gnu++14";
				CLANG_CXX_LIBRARY = "libc++";
				CLANG_ENABLE_MODULES = YES;
				CLANG_ENABLE_OBJC_ARC = YES;
				CLANG_ENABLE_OBJC_WEAK = YES;
				CLANG_WARN_BLOCK_CAPTURE_AUTORELEASING = YES;
				CLANG_WARN_BOOL_CONVERSION = YES;
				CLANG_WARN_COMMA = YES;
				CLANG_WARN_CONSTANT_CONVERSION = YES;
				CLANG_WARN_DEPRECATED_OBJC_IMPLEMENTATIONS = YES;
				CLANG_WARN_DIRECT_OBJC_ISA_USAGE = YES_ERROR;
				CLANG_WARN_DOCUMENTATION_COMMENTS = YES;
				CLANG_WARN_EMPTY_BODY = YES;
				CLANG_WARN_ENUM_CONVERSION = YES;
				CLANG_WARN_INFINITE_RECURSION = YES;
				CLANG_WARN_INT_CONVERSION = YES;
				CLANG_WARN_NON_LITERAL_NULL_CONVERSION = YES;
				CLANG_WARN_OBJC_IMPLICIT_RETAIN_SELF = YES;
				CLANG_WARN_OBJC_LITERAL_CONVERSION = YES;
				CLANG_WARN_OBJC_ROOT_CLASS = YES_ERROR;
				CLANG_WARN_RANGE_LOOP_ANALYSIS = YES;
				CLANG_WARN_STRICT_PROTOTYPES = YES;
				CLANG_WARN_SUSPICIOUS_MOVE = YES;
				CLANG_WARN_UNGUARDED_AVAILABILITY = YES_AGGRESSIVE;
				CLANG_WARN_UNREACHABLE_CODE = YES;
				CLANG_WARN__DUPLICATE_METHOD_MATCH = YES;
				COPY_PHASE_STRIP = NO;
				DEBUG_INFORMATION_FORMAT = dwarf;
				ENABLE_STRICT_OBJC_MSGSEND = YES;
				ENABLE_TESTABILITY = YES;
				GCC_C_LANGUAGE_STANDARD = gnu11;
				GCC_DYNAMIC_NO_PIC = NO;
				GCC_NO_COMMON_BLOCKS = YES;
				GCC_OPTIMIZATION_LEVEL = 0;
				GCC_PREPROCESSOR_DEFINITIONS = (
					"DEBUG=1",
					"$(inherited)",
				);
				GCC_WARN_64_TO_32_BIT_CONVERSION = YES;
				GCC_WARN_ABOUT_RETURN_TYPE = YES_ERROR;
				GCC_WARN_UNDECLARED_SELECTOR = YES;
				GCC_WARN_UNINITIALIZED_AUTOS = YES_AGGRESSIVE;
				GCC_WARN_UNUSED_FUNCTION = YES;
				GCC_WARN_UNUSED_VARIABLE = YES;
				IPHONEOS_DEPLOYMENT_TARGET = 13.6;
				MTL_ENABLE_DEBUG_INFO = INCLUDE_SOURCE;
				MTL_FAST_MATH = YES;
				ONLY_ACTIVE_ARCH = YES;
				SDKROOT = iphoneos;
				SWIFT_ACTIVE_COMPILATION_CONDITIONS = DEBUG;
				SWIFT_OPTIMIZATION_LEVEL = "-Onone";
			};
			name = Debug;
		};
		06EA7BBD2513CEAE0005D4E5 /* Release */ = {
			isa = XCBuildConfiguration;
			buildSettings = {
				ALWAYS_SEARCH_USER_PATHS = NO;
				CLANG_ANALYZER_NONNULL = YES;
				CLANG_ANALYZER_NUMBER_OBJECT_CONVERSION = YES_AGGRESSIVE;
				CLANG_CXX_LANGUAGE_STANDARD = "gnu++14";
				CLANG_CXX_LIBRARY = "libc++";
				CLANG_ENABLE_MODULES = YES;
				CLANG_ENABLE_OBJC_ARC = YES;
				CLANG_ENABLE_OBJC_WEAK = YES;
				CLANG_WARN_BLOCK_CAPTURE_AUTORELEASING = YES;
				CLANG_WARN_BOOL_CONVERSION = YES;
				CLANG_WARN_COMMA = YES;
				CLANG_WARN_CONSTANT_CONVERSION = YES;
				CLANG_WARN_DEPRECATED_OBJC_IMPLEMENTATIONS = YES;
				CLANG_WARN_DIRECT_OBJC_ISA_USAGE = YES_ERROR;
				CLANG_WARN_DOCUMENTATION_COMMENTS = YES;
				CLANG_WARN_EMPTY_BODY = YES;
				CLANG_WARN_ENUM_CONVERSION = YES;
				CLANG_WARN_INFINITE_RECURSION = YES;
				CLANG_WARN_INT_CONVERSION = YES;
				CLANG_WARN_NON_LITERAL_NULL_CONVERSION = YES;
				CLANG_WARN_OBJC_IMPLICIT_RETAIN_SELF = YES;
				CLANG_WARN_OBJC_LITERAL_CONVERSION = YES;
				CLANG_WARN_OBJC_ROOT_CLASS = YES_ERROR;
				CLANG_WARN_RANGE_LOOP_ANALYSIS = YES;
				CLANG_WARN_STRICT_PROTOTYPES = YES;
				CLANG_WARN_SUSPICIOUS_MOVE = YES;
				CLANG_WARN_UNGUARDED_AVAILABILITY = YES_AGGRESSIVE;
				CLANG_WARN_UNREACHABLE_CODE = YES;
				CLANG_WARN__DUPLICATE_METHOD_MATCH = YES;
				COPY_PHASE_STRIP = NO;
				DEBUG_INFORMATION_FORMAT = "dwarf-with-dsym";
				ENABLE_NS_ASSERTIONS = NO;
				ENABLE_STRICT_OBJC_MSGSEND = YES;
				GCC_C_LANGUAGE_STANDARD = gnu11;
				GCC_NO_COMMON_BLOCKS = YES;
				GCC_WARN_64_TO_32_BIT_CONVERSION = YES;
				GCC_WARN_ABOUT_RETURN_TYPE = YES_ERROR;
				GCC_WARN_UNDECLARED_SELECTOR = YES;
				GCC_WARN_UNINITIALIZED_AUTOS = YES_AGGRESSIVE;
				GCC_WARN_UNUSED_FUNCTION = YES;
				GCC_WARN_UNUSED_VARIABLE = YES;
				IPHONEOS_DEPLOYMENT_TARGET = 13.6;
				MTL_ENABLE_DEBUG_INFO = NO;
				MTL_FAST_MATH = YES;
				SDKROOT = iphoneos;
				SWIFT_COMPILATION_MODE = wholemodule;
				SWIFT_OPTIMIZATION_LEVEL = "-O";
				VALIDATE_PRODUCT = YES;
			};
			name = Release;
		};
		06EA7BBF2513CEAE0005D4E5 /* Debug */ = {
			isa = XCBuildConfiguration;
			baseConfigurationReference = 9B7EA54C2B75E460D3D11A18 /* Pods-AVPlayerPolynetSample.debug.xcconfig */;
			buildSettings = {
				CODE_SIGN_STYLE = Automatic;
				DEVELOPMENT_TEAM = DAR8GLKRWU;
				INFOPLIST_FILE = AVPlayerPolynetSample/Info.plist;
				IPHONEOS_DEPLOYMENT_TARGET = 10.2;
				LD_RUNPATH_SEARCH_PATHS = (
					"$(inherited)",
					"@executable_path/Frameworks",
				);
				PRODUCT_BUNDLE_IDENTIFIER = NPAW.AVPlayerPolynetSample;
				PRODUCT_NAME = "$(TARGET_NAME)";
				SWIFT_VERSION = 4.0;
				TARGETED_DEVICE_FAMILY = "1,2";
			};
			name = Debug;
		};
		06EA7BC02513CEAE0005D4E5 /* Release */ = {
			isa = XCBuildConfiguration;
			baseConfigurationReference = BB5467C6CBA44167DDE5BAD1 /* Pods-AVPlayerPolynetSample.release.xcconfig */;
			buildSettings = {
				CODE_SIGN_STYLE = Automatic;
				DEVELOPMENT_TEAM = DAR8GLKRWU;
				INFOPLIST_FILE = AVPlayerPolynetSample/Info.plist;
				IPHONEOS_DEPLOYMENT_TARGET = 10.2;
				LD_RUNPATH_SEARCH_PATHS = (
					"$(inherited)",
					"@executable_path/Frameworks",
				);
				PRODUCT_BUNDLE_IDENTIFIER = NPAW.AVPlayerPolynetSample;
				PRODUCT_NAME = "$(TARGET_NAME)";
				SWIFT_VERSION = 4.0;
				TARGETED_DEVICE_FAMILY = "1,2";
			};
			name = Release;
		};
		06EA7BD52513CFAC0005D4E5 /* Debug */ = {
			isa = XCBuildConfiguration;
			baseConfigurationReference = BDC8C782E91758B1CA277331 /* Pods-AVPlayerPolynetSample_tvOS.debug.xcconfig */;
			buildSettings = {
				CODE_SIGN_STYLE = Automatic;
				DEVELOPMENT_TEAM = DAR8GLKRWU;
				INFOPLIST_FILE = AVPlayerPolynetSample_tvOS/Info.plist;
				LD_RUNPATH_SEARCH_PATHS = (
					"$(inherited)",
					"@executable_path/Frameworks",
				);
				PRODUCT_BUNDLE_IDENTIFIER = "NPAW.AVPlayerPolynetSample-tvOS";
				PRODUCT_NAME = "$(TARGET_NAME)";
				SDKROOT = appletvos;
				SWIFT_VERSION = 4.0;
				TARGETED_DEVICE_FAMILY = 3;
				TVOS_DEPLOYMENT_TARGET = 10.0;
			};
			name = Debug;
		};
		06EA7BD62513CFAC0005D4E5 /* Release */ = {
			isa = XCBuildConfiguration;
			baseConfigurationReference = 10551A58CD32B17B9DFEE5E8 /* Pods-AVPlayerPolynetSample_tvOS.release.xcconfig */;
			buildSettings = {
				CODE_SIGN_STYLE = Automatic;
				DEVELOPMENT_TEAM = DAR8GLKRWU;
				INFOPLIST_FILE = AVPlayerPolynetSample_tvOS/Info.plist;
				LD_RUNPATH_SEARCH_PATHS = (
					"$(inherited)",
					"@executable_path/Frameworks",
				);
				PRODUCT_BUNDLE_IDENTIFIER = "NPAW.AVPlayerPolynetSample-tvOS";
				PRODUCT_NAME = "$(TARGET_NAME)";
				SDKROOT = appletvos;
				SWIFT_VERSION = 4.0;
				TARGETED_DEVICE_FAMILY = 3;
				TVOS_DEPLOYMENT_TARGET = 10.0;
			};
			name = Release;
		};
/* End XCBuildConfiguration section */

/* Begin XCConfigurationList section */
		06EA7BA52513CEAC0005D4E5 /* Build configuration list for PBXProject "AVPlayerPolynetSample" */ = {
			isa = XCConfigurationList;
			buildConfigurations = (
				06EA7BBC2513CEAE0005D4E5 /* Debug */,
				06EA7BBD2513CEAE0005D4E5 /* Release */,
			);
			defaultConfigurationIsVisible = 0;
			defaultConfigurationName = Release;
		};
		06EA7BBE2513CEAE0005D4E5 /* Build configuration list for PBXNativeTarget "AVPlayerPolynetSample" */ = {
			isa = XCConfigurationList;
			buildConfigurations = (
				06EA7BBF2513CEAE0005D4E5 /* Debug */,
				06EA7BC02513CEAE0005D4E5 /* Release */,
			);
			defaultConfigurationIsVisible = 0;
			defaultConfigurationName = Release;
		};
		06EA7BD42513CFAC0005D4E5 /* Build configuration list for PBXNativeTarget "AVPlayerPolynetSample_tvOS" */ = {
			isa = XCConfigurationList;
			buildConfigurations = (
				06EA7BD52513CFAC0005D4E5 /* Debug */,
				06EA7BD62513CFAC0005D4E5 /* Release */,
			);
			defaultConfigurationIsVisible = 0;
			defaultConfigurationName = Release;
		};
/* End XCConfigurationList section */
	};
	rootObject = 06EA7BA22513CEAC0005D4E5 /* Project object */;
}
