{
  "object": {
    "pins": [
      {
        "package": "YouboraLib",
        "repositoryURL": "https://bitbucket.org/npaw/lib-plugin-spm-ios.git",
        "state": {
          "branch": null,
          "revision": "64c46a55da3a9ef5c69fe70783cc00ebe00bbc4d",
          "version": "6.7.10"
        }
      }
    ]
  },
  "version": 1
}
