// !$*UTF8*$!
{
	archiveVersion = 1;
	classes = {
	};
	objectVersion = 46;
	objects = {

/* Begin PBXBuildFile section */
		4E0F61301ECC899E0004B081 /* YouboraAVPlayerAdapter.framework in Frameworks */ = {isa = PBXBuildFile; fileRef = 4E0F612F1ECC89910004B081 /* YouboraAVPlayerAdapter.framework */; };
		4E0F61311ECC899E0004B081 /* YouboraAVPlayerAdapter.framework in Embed Frameworks */ = {isa = PBXBuildFile; fileRef = 4E0F612F1ECC89910004B081 /* YouboraAVPlayerAdapter.framework */; settings = {ATTRIBUTES = (CodeSignOnCopy, RemoveHeadersOnCopy, ); }; };
		4E2DCD5A1EA8E9C40016D46A /* AVFoundation.framework in Frameworks */ = {isa = PBXBuildFile; fileRef = 4E2DCD581EA8E9C40016D46A /* AVFoundation.framework */; };
		4E2DCD5B1EA8E9C40016D46A /* AVKit.framework in Frameworks */ = {isa = PBXBuildFile; fileRef = 4E2DCD591EA8E9C40016D46A /* AVKit.framework */; };
		4E2DCD5E1EA8EFCB0016D46A /* PlayerViewController.m in Sources */ = {isa = PBXBuildFile; fileRef = 4E2DCD5D1EA8EFCA0016D46A /* PlayerViewController.m */; };
		4E4956791E9F6E3600FF6280 /* main.m in Sources */ = {isa = PBXBuildFile; fileRef = 4E4956781E9F6E3600FF6280 /* main.m */; };
		4E49567C1E9F6E3600FF6280 /* AppDelegate.m in Sources */ = {isa = PBXBuildFile; fileRef = 4E49567B1E9F6E3600FF6280 /* AppDelegate.m */; };
		4E49567F1E9F6E3600FF6280 /* ViewController.m in Sources */ = {isa = PBXBuildFile; fileRef = 4E49567E1E9F6E3600FF6280 /* ViewController.m */; };
		4E4956821E9F6E3600FF6280 /* Main.storyboard in Resources */ = {isa = PBXBuildFile; fileRef = 4E4956801E9F6E3600FF6280 /* Main.storyboard */; };
		4E4956841E9F6E3600FF6280 /* Assets.xcassets in Resources */ = {isa = PBXBuildFile; fileRef = 4E4956831E9F6E3600FF6280 /* Assets.xcassets */; };
		4E4956871E9F6E3600FF6280 /* LaunchScreen.storyboard in Resources */ = {isa = PBXBuildFile; fileRef = 4E4956851E9F6E3600FF6280 /* LaunchScreen.storyboard */; };
		4E6CEDB01EBC5EEA00CC6A2B /* YouboraConfigUtils.framework in Frameworks */ = {isa = PBXBuildFile; fileRef = 4E6CEDAF1EBC5EEA00CC6A2B /* YouboraConfigUtils.framework */; };
		4E6CEDB11EBC5EEA00CC6A2B /* YouboraConfigUtils.framework in Embed Frameworks */ = {isa = PBXBuildFile; fileRef = 4E6CEDAF1EBC5EEA00CC6A2B /* YouboraConfigUtils.framework */; settings = {ATTRIBUTES = (CodeSignOnCopy, RemoveHeadersOnCopy, ); }; };
		6CDF10F7947EB1AA77E1D373 /* Pods_AVPlayerAdapterExample.framework in Frameworks */ = {isa = PBXBuildFile; fileRef = 22D9C2E6C18D48396913F193 /* Pods_AVPlayerAdapterExample.framework */; };
/* End PBXBuildFile section */

/* Begin PBXContainerItemProxy section */
		4E0F612E1ECC89910004B081 /* PBXContainerItemProxy */ = {
			isa = PBXContainerItemProxy;
			containerPortal = 4E0F612A1ECC89910004B081 /* YouboraAVPlayerAdapter.xcodeproj */;
			proxyType = 2;
			remoteGlobalIDString = 4E4956601E9F6CAA00FF6280;
			remoteInfo = YouboraAVPlayerAdapter;
		};
		4E0F61321ECC899E0004B081 /* PBXContainerItemProxy */ = {
			isa = PBXContainerItemProxy;
			containerPortal = 4E0F612A1ECC89910004B081 /* YouboraAVPlayerAdapter.xcodeproj */;
			proxyType = 1;
			remoteGlobalIDString = 4E49565F1E9F6CAA00FF6280;
			remoteInfo = YouboraAVPlayerAdapter;
		};
/* End PBXContainerItemProxy section */

/* Begin PBXCopyFilesBuildPhase section */
		4E2DCD611EA8FAC20016D46A /* Embed Frameworks */ = {
			isa = PBXCopyFilesBuildPhase;
			buildActionMask = 2147483647;
			dstPath = "";
			dstSubfolderSpec = 10;
			files = (
				4E0F61311ECC899E0004B081 /* YouboraAVPlayerAdapter.framework in Embed Frameworks */,
				4E6CEDB11EBC5EEA00CC6A2B /* YouboraConfigUtils.framework in Embed Frameworks */,
			);
			name = "Embed Frameworks";
			runOnlyForDeploymentPostprocessing = 0;
		};
/* End PBXCopyFilesBuildPhase section */

/* Begin PBXFileReference section */
		22D9C2E6C18D48396913F193 /* Pods_AVPlayerAdapterExample.framework */ = {isa = PBXFileReference; explicitFileType = wrapper.framework; includeInIndex = 0; path = Pods_AVPlayerAdapterExample.framework; sourceTree = BUILT_PRODUCTS_DIR; };
		2AA786835A5BDA404ED04448 /* Pods-AVPlayerAdapterExample.release.xcconfig */ = {isa = PBXFileReference; includeInIndex = 1; lastKnownFileType = text.xcconfig; name = "Pods-AVPlayerAdapterExample.release.xcconfig"; path = "../Pods/Target Support Files/Pods-AVPlayerAdapterExample/Pods-AVPlayerAdapterExample.release.xcconfig"; sourceTree = "<group>"; };
		4721A9BC75669A9A3E908320 /* Pods-AVPlayerAdapterExample.debug.xcconfig */ = {isa = PBXFileReference; includeInIndex = 1; lastKnownFileType = text.xcconfig; name = "Pods-AVPlayerAdapterExample.debug.xcconfig"; path = "../Pods/Target Support Files/Pods-AVPlayerAdapterExample/Pods-AVPlayerAdapterExample.debug.xcconfig"; sourceTree = "<group>"; };
		4E07EC981EA65FD30007B650 /* YouboraAVPlayerAdapter.framework */ = {isa = PBXFileReference; lastKnownFileType = wrapper.framework; name = YouboraAVPlayerAdapter.framework; path = "../../Library/Developer/Xcode/DerivedData/YouboraAVPlayerAdapter-dppsggqohaeqvphbesjcgtkiiyrf/Build/Products/Debug-iphoneos/YouboraAVPlayerAdapter.framework"; sourceTree = "<group>"; };
		4E0F61251ECC88D30004B081 /* Pods_YouboraAVPlayerAdapter.framework */ = {isa = PBXFileReference; explicitFileType = wrapper.framework; path = Pods_YouboraAVPlayerAdapter.framework; sourceTree = BUILT_PRODUCTS_DIR; };
		4E0F612A1ECC89910004B081 /* YouboraAVPlayerAdapter.xcodeproj */ = {isa = PBXFileReference; lastKnownFileType = "wrapper.pb-project"; name = YouboraAVPlayerAdapter.xcodeproj; path = ../YouboraAVPlayerAdapter.xcodeproj; sourceTree = "<group>"; };
		4E2469F31E9F8EDB00F3774C /* YouboraAVPlayerAdapter.framework */ = {isa = PBXFileReference; lastKnownFileType = wrapper.framework; name = YouboraAVPlayerAdapter.framework; path = "../../Library/Developer/Xcode/DerivedData/YouboraAVPlayerAdapter-dppsggqohaeqvphbesjcgtkiiyrf/Build/Products/Debug-iphonesimulator/YouboraAVPlayerAdapter.framework"; sourceTree = "<group>"; };
		4E2DCD581EA8E9C40016D46A /* AVFoundation.framework */ = {isa = PBXFileReference; lastKnownFileType = wrapper.framework; name = AVFoundation.framework; path = System/Library/Frameworks/AVFoundation.framework; sourceTree = SDKROOT; };
		4E2DCD591EA8E9C40016D46A /* AVKit.framework */ = {isa = PBXFileReference; lastKnownFileType = wrapper.framework; name = AVKit.framework; path = System/Library/Frameworks/AVKit.framework; sourceTree = SDKROOT; };
		4E2DCD5C1EA8EFCA0016D46A /* PlayerViewController.h */ = {isa = PBXFileReference; fileEncoding = 4; lastKnownFileType = sourcecode.c.h; path = PlayerViewController.h; sourceTree = "<group>"; };
		4E2DCD5D1EA8EFCA0016D46A /* PlayerViewController.m */ = {isa = PBXFileReference; fileEncoding = 4; lastKnownFileType = sourcecode.c.objc; path = PlayerViewController.m; sourceTree = "<group>"; };
		4E4956741E9F6E3600FF6280 /* AVPlayerAdapterExample.app */ = {isa = PBXFileReference; explicitFileType = wrapper.application; includeInIndex = 0; path = AVPlayerAdapterExample.app; sourceTree = BUILT_PRODUCTS_DIR; };
		4E4956781E9F6E3600FF6280 /* main.m */ = {isa = PBXFileReference; lastKnownFileType = sourcecode.c.objc; path = main.m; sourceTree = "<group>"; };
		4E49567A1E9F6E3600FF6280 /* AppDelegate.h */ = {isa = PBXFileReference; lastKnownFileType = sourcecode.c.h; path = AppDelegate.h; sourceTree = "<group>"; };
		4E49567B1E9F6E3600FF6280 /* AppDelegate.m */ = {isa = PBXFileReference; lastKnownFileType = sourcecode.c.objc; path = AppDelegate.m; sourceTree = "<group>"; };
		4E49567D1E9F6E3600FF6280 /* ViewController.h */ = {isa = PBXFileReference; lastKnownFileType = sourcecode.c.h; path = ViewController.h; sourceTree = "<group>"; };
		4E49567E1E9F6E3600FF6280 /* ViewController.m */ = {isa = PBXFileReference; lastKnownFileType = sourcecode.c.objc; path = ViewController.m; sourceTree = "<group>"; };
		4E4956811E9F6E3600FF6280 /* Base */ = {isa = PBXFileReference; lastKnownFileType = file.storyboard; name = Base; path = Base.lproj/Main.storyboard; sourceTree = "<group>"; };
		4E4956831E9F6E3600FF6280 /* Assets.xcassets */ = {isa = PBXFileReference; lastKnownFileType = folder.assetcatalog; path = Assets.xcassets; sourceTree = "<group>"; };
		4E4956861E9F6E3600FF6280 /* Base */ = {isa = PBXFileReference; lastKnownFileType = file.storyboard; name = Base; path = Base.lproj/LaunchScreen.storyboard; sourceTree = "<group>"; };
		4E4956881E9F6E3600FF6280 /* Info.plist */ = {isa = PBXFileReference; lastKnownFileType = text.plist.xml; path = Info.plist; sourceTree = "<group>"; };
		4E6CEDAF1EBC5EEA00CC6A2B /* YouboraConfigUtils.framework */ = {isa = PBXFileReference; lastKnownFileType = wrapper.framework; name = YouboraConfigUtils.framework; path = Carthage/Build/iOS/YouboraConfigUtils.framework; sourceTree = "<group>"; };
/* End PBXFileReference section */

/* Begin PBXFrameworksBuildPhase section */
		4E4956711E9F6E3600FF6280 /* Frameworks */ = {
			isa = PBXFrameworksBuildPhase;
			buildActionMask = 2147483647;
			files = (
				4E2DCD5A1EA8E9C40016D46A /* AVFoundation.framework in Frameworks */,
				4E2DCD5B1EA8E9C40016D46A /* AVKit.framework in Frameworks */,
				4E6CEDB01EBC5EEA00CC6A2B /* YouboraConfigUtils.framework in Frameworks */,
				4E0F61301ECC899E0004B081 /* YouboraAVPlayerAdapter.framework in Frameworks */,
				6CDF10F7947EB1AA77E1D373 /* Pods_AVPlayerAdapterExample.framework in Frameworks */,
			);
			runOnlyForDeploymentPostprocessing = 0;
		};
/* End PBXFrameworksBuildPhase section */

/* Begin PBXGroup section */
		4E0F612B1ECC89910004B081 /* Products */ = {
			isa = PBXGroup;
			children = (
				4E0F612F1ECC89910004B081 /* YouboraAVPlayerAdapter.framework */,
			);
			name = Products;
			sourceTree = "<group>";
		};
		4E2469F21E9F8EDA00F3774C /* Frameworks */ = {
			isa = PBXGroup;
			children = (
				4E6CEDAF1EBC5EEA00CC6A2B /* YouboraConfigUtils.framework */,
				4E2DCD581EA8E9C40016D46A /* AVFoundation.framework */,
				4E2DCD591EA8E9C40016D46A /* AVKit.framework */,
				4E07EC981EA65FD30007B650 /* YouboraAVPlayerAdapter.framework */,
				4E2469F31E9F8EDB00F3774C /* YouboraAVPlayerAdapter.framework */,
				22D9C2E6C18D48396913F193 /* Pods_AVPlayerAdapterExample.framework */,
			);
			name = Frameworks;
			sourceTree = "<group>";
		};
		4E49566B1E9F6E3600FF6280 = {
			isa = PBXGroup;
			children = (
				4E0F612A1ECC89910004B081 /* YouboraAVPlayerAdapter.xcodeproj */,
				4E0F61251ECC88D30004B081 /* Pods_YouboraAVPlayerAdapter.framework */,
				4E4956761E9F6E3600FF6280 /* AVPlayerAdapterExample */,
				4E4956751E9F6E3600FF6280 /* Products */,
				4E2469F21E9F8EDA00F3774C /* Frameworks */,
				50C9B2611C287165DAEF710C /* Pods */,
			);
			sourceTree = "<group>";
		};
		4E4956751E9F6E3600FF6280 /* Products */ = {
			isa = PBXGroup;
			children = (
				4E4956741E9F6E3600FF6280 /* AVPlayerAdapterExample.app */,
			);
			name = Products;
			sourceTree = "<group>";
		};
		4E4956761E9F6E3600FF6280 /* AVPlayerAdapterExample */ = {
			isa = PBXGroup;
			children = (
				4E49567A1E9F6E3600FF6280 /* AppDelegate.h */,
				4E49567B1E9F6E3600FF6280 /* AppDelegate.m */,
				4E49567D1E9F6E3600FF6280 /* ViewController.h */,
				4E49567E1E9F6E3600FF6280 /* ViewController.m */,
				4E2DCD5C1EA8EFCA0016D46A /* PlayerViewController.h */,
				4E2DCD5D1EA8EFCA0016D46A /* PlayerViewController.m */,
				4E4956801E9F6E3600FF6280 /* Main.storyboard */,
				4E4956831E9F6E3600FF6280 /* Assets.xcassets */,
				4E4956851E9F6E3600FF6280 /* LaunchScreen.storyboard */,
				4E4956881E9F6E3600FF6280 /* Info.plist */,
				4E4956771E9F6E3600FF6280 /* Supporting Files */,
			);
			path = AVPlayerAdapterExample;
			sourceTree = "<group>";
		};
		4E4956771E9F6E3600FF6280 /* Supporting Files */ = {
			isa = PBXGroup;
			children = (
				4E4956781E9F6E3600FF6280 /* main.m */,
			);
			name = "Supporting Files";
			sourceTree = "<group>";
		};
		50C9B2611C287165DAEF710C /* Pods */ = {
			isa = PBXGroup;
			children = (
				4721A9BC75669A9A3E908320 /* Pods-AVPlayerAdapterExample.debug.xcconfig */,
				2AA786835A5BDA404ED04448 /* Pods-AVPlayerAdapterExample.release.xcconfig */,
			);
			name = Pods;
			sourceTree = "<group>";
		};
/* End PBXGroup section */

/* Begin PBXNativeTarget section */
		4E4956731E9F6E3600FF6280 /* AVPlayerAdapterExample */ = {
			isa = PBXNativeTarget;
			buildConfigurationList = 4E49568B1E9F6E3600FF6280 /* Build configuration list for PBXNativeTarget "AVPlayerAdapterExample" */;
			buildPhases = (
				C41008F68129E3FA47EF4840 /* [CP] Check Pods Manifest.lock */,
				4E4956701E9F6E3600FF6280 /* Sources */,
				4E4956711E9F6E3600FF6280 /* Frameworks */,
				4E4956721E9F6E3600FF6280 /* Resources */,
				8A3649C08B08A822282A9696 /* [CP] Embed Pods Frameworks */,
				9081B0393CFFD764ED630765 /* [CP] Copy Pods Resources */,
				4E2DCD611EA8FAC20016D46A /* Embed Frameworks */,
				4E6CEDB21EBC5F2B00CC6A2B /* ShellScript */,
			);
			buildRules = (
			);
			dependencies = (
				4E0F61331ECC899E0004B081 /* PBXTargetDependency */,
			);
			name = AVPlayerAdapterExample;
			productName = AVPlayerAdapterExample;
			productReference = 4E4956741E9F6E3600FF6280 /* AVPlayerAdapterExample.app */;
			productType = "com.apple.product-type.application";
		};
/* End PBXNativeTarget section */

/* Begin PBXProject section */
		4E49566C1E9F6E3600FF6280 /* Project object */ = {
			isa = PBXProject;
			attributes = {
				LastUpgradeCheck = 0830;
				ORGANIZATIONNAME = NPAW;
				TargetAttributes = {
					4E4956731E9F6E3600FF6280 = {
						CreatedOnToolsVersion = 8.3.1;
						DevelopmentTeam = DAR8GLKRWU;
						ProvisioningStyle = Automatic;
					};
				};
			};
			buildConfigurationList = 4E49566F1E9F6E3600FF6280 /* Build configuration list for PBXProject "AVPlayerAdapterExample" */;
			compatibilityVersion = "Xcode 3.2";
			developmentRegion = English;
			hasScannedForEncodings = 0;
			knownRegions = (
				en,
				Base,
			);
			mainGroup = 4E49566B1E9F6E3600FF6280;
			productRefGroup = 4E4956751E9F6E3600FF6280 /* Products */;
			projectDirPath = "";
			projectReferences = (
				{
					ProductGroup = 4E0F612B1ECC89910004B081 /* Products */;
					ProjectRef = 4E0F612A1ECC89910004B081 /* YouboraAVPlayerAdapter.xcodeproj */;
				},
			);
			projectRoot = "";
			targets = (
				4E4956731E9F6E3600FF6280 /* AVPlayerAdapterExample */,
			);
		};
/* End PBXProject section */

/* Begin PBXReferenceProxy section */
		4E0F612F1ECC89910004B081 /* YouboraAVPlayerAdapter.framework */ = {
			isa = PBXReferenceProxy;
			fileType = wrapper.framework;
			path = YouboraAVPlayerAdapter.framework;
			remoteRef = 4E0F612E1ECC89910004B081 /* PBXContainerItemProxy */;
			sourceTree = BUILT_PRODUCTS_DIR;
		};
/* End PBXReferenceProxy section */

/* Begin PBXResourcesBuildPhase section */
		4E4956721E9F6E3600FF6280 /* Resources */ = {
			isa = PBXResourcesBuildPhase;
			buildActionMask = 2147483647;
			files = (
				4E4956871E9F6E3600FF6280 /* LaunchScreen.storyboard in Resources */,
				4E4956841E9F6E3600FF6280 /* Assets.xcassets in Resources */,
				4E4956821E9F6E3600FF6280 /* Main.storyboard in Resources */,
			);
			runOnlyForDeploymentPostprocessing = 0;
		};
/* End PBXResourcesBuildPhase section */

/* Begin PBXShellScriptBuildPhase section */
		4E6CEDB21EBC5F2B00CC6A2B /* ShellScript */ = {
			isa = PBXShellScriptBuildPhase;
			buildActionMask = 2147483647;
			files = (
			);
			inputPaths = (
				"$(SRCROOT)/Carthage/Build/iOS/YouboraConfigUtils.framework",
			);
			outputPaths = (
			);
			runOnlyForDeploymentPostprocessing = 0;
			shellPath = /bin/sh;
			shellScript = "/usr/local/bin/carthage copy-frameworks";
		};
		8A3649C08B08A822282A9696 /* [CP] Embed Pods Frameworks */ = {
			isa = PBXShellScriptBuildPhase;
			buildActionMask = 2147483647;
			files = (
			);
			inputPaths = (
			);
			name = "[CP] Embed Pods Frameworks";
			outputPaths = (
			);
			runOnlyForDeploymentPostprocessing = 0;
			shellPath = /bin/sh;
			shellScript = "\"${SRCROOT}/../Pods/Target Support Files/Pods-AVPlayerAdapterExample/Pods-AVPlayerAdapterExample-frameworks.sh\"\n";
			showEnvVarsInLog = 0;
		};
		9081B0393CFFD764ED630765 /* [CP] Copy Pods Resources */ = {
			isa = PBXShellScriptBuildPhase;
			buildActionMask = 2147483647;
			files = (
			);
			inputPaths = (
			);
			name = "[CP] Copy Pods Resources";
			outputPaths = (
			);
			runOnlyForDeploymentPostprocessing = 0;
			shellPath = /bin/sh;
			shellScript = "\"${SRCROOT}/../Pods/Target Support Files/Pods-AVPlayerAdapterExample/Pods-AVPlayerAdapterExample-resources.sh\"\n";
			showEnvVarsInLog = 0;
		};
		C41008F68129E3FA47EF4840 /* [CP] Check Pods Manifest.lock */ = {
			isa = PBXShellScriptBuildPhase;
			buildActionMask = 2147483647;
			files = (
			);
			inputPaths = (
			);
			name = "[CP] Check Pods Manifest.lock";
			outputPaths = (
			);
			runOnlyForDeploymentPostprocessing = 0;
			shellPath = /bin/sh;
			shellScript = "diff \"${PODS_PODFILE_DIR_PATH}/Podfile.lock\" \"${PODS_ROOT}/Manifest.lock\" > /dev/null\nif [ $? != 0 ] ; then\n    # print error to STDERR\n    echo \"error: The sandbox is not in sync with the Podfile.lock. Run 'pod install' or update your CocoaPods installation.\" >&2\n    exit 1\nfi\n";
			showEnvVarsInLog = 0;
		};
/* End PBXShellScriptBuildPhase section */

/* Begin PBXSourcesBuildPhase section */
		4E4956701E9F6E3600FF6280 /* Sources */ = {
			isa = PBXSourcesBuildPhase;
			buildActionMask = 2147483647;
			files = (
				4E49567F1E9F6E3600FF6280 /* ViewController.m in Sources */,
				4E2DCD5E1EA8EFCB0016D46A /* PlayerViewController.m in Sources */,
				4E49567C1E9F6E3600FF6280 /* AppDelegate.m in Sources */,
				4E4956791E9F6E3600FF6280 /* main.m in Sources */,
			);
			runOnlyForDeploymentPostprocessing = 0;
		};
/* End PBXSourcesBuildPhase section */

/* Begin PBXTargetDependency section */
		4E0F61331ECC899E0004B081 /* PBXTargetDependency */ = {
			isa = PBXTargetDependency;
			name = YouboraAVPlayerAdapter;
			targetProxy = 4E0F61321ECC899E0004B081 /* PBXContainerItemProxy */;
		};
/* End PBXTargetDependency section */

/* Begin PBXVariantGroup section */
		4E4956801E9F6E3600FF6280 /* Main.storyboard */ = {
			isa = PBXVariantGroup;
			children = (
				4E4956811E9F6E3600FF6280 /* Base */,
			);
			name = Main.storyboard;
			sourceTree = "<group>";
		};
		4E4956851E9F6E3600FF6280 /* LaunchScreen.storyboard */ = {
			isa = PBXVariantGroup;
			children = (
				4E4956861E9F6E3600FF6280 /* Base */,
			);
			name = LaunchScreen.storyboard;
			sourceTree = "<group>";
		};
/* End PBXVariantGroup section */

/* Begin XCBuildConfiguration section */
		4E4956891E9F6E3600FF6280 /* Debug */ = {
			isa = XCBuildConfiguration;
			buildSettings = {
				ALWAYS_SEARCH_USER_PATHS = NO;
				CLANG_ANALYZER_NONNULL = YES;
				CLANG_ANALYZER_NUMBER_OBJECT_CONVERSION = YES_AGGRESSIVE;
				CLANG_CXX_LANGUAGE_STANDARD = "gnu++0x";
				CLANG_CXX_LIBRARY = "libc++";
				CLANG_ENABLE_MODULES = YES;
				CLANG_ENABLE_OBJC_ARC = YES;
				CLANG_WARN_BOOL_CONVERSION = YES;
				CLANG_WARN_CONSTANT_CONVERSION = YES;
				CLANG_WARN_DIRECT_OBJC_ISA_USAGE = YES_ERROR;
				CLANG_WARN_DOCUMENTATION_COMMENTS = YES;
				CLANG_WARN_EMPTY_BODY = YES;
				CLANG_WARN_ENUM_CONVERSION = YES;
				CLANG_WARN_INFINITE_RECURSION = YES;
				CLANG_WARN_INT_CONVERSION = YES;
				CLANG_WARN_OBJC_ROOT_CLASS = YES_ERROR;
				CLANG_WARN_SUSPICIOUS_MOVE = YES;
				CLANG_WARN_UNREACHABLE_CODE = YES;
				CLANG_WARN__DUPLICATE_METHOD_MATCH = YES;
				"CODE_SIGN_IDENTITY[sdk=iphoneos*]" = "iPhone Developer";
				COPY_PHASE_STRIP = NO;
				DEBUG_INFORMATION_FORMAT = dwarf;
				ENABLE_BITCODE = NO;
				ENABLE_STRICT_OBJC_MSGSEND = YES;
				ENABLE_TESTABILITY = YES;
				GCC_C_LANGUAGE_STANDARD = gnu99;
				GCC_DYNAMIC_NO_PIC = NO;
				GCC_NO_COMMON_BLOCKS = YES;
				GCC_OPTIMIZATION_LEVEL = 0;
				GCC_PREPROCESSOR_DEFINITIONS = (
					"DEBUG=1",
					"$(inherited)",
				);
				GCC_WARN_64_TO_32_BIT_CONVERSION = YES;
				GCC_WARN_ABOUT_RETURN_TYPE = YES_ERROR;
				GCC_WARN_UNDECLARED_SELECTOR = YES;
				GCC_WARN_UNINITIALIZED_AUTOS = YES_AGGRESSIVE;
				GCC_WARN_UNUSED_FUNCTION = YES;
				GCC_WARN_UNUSED_VARIABLE = YES;
				IPHONEOS_DEPLOYMENT_TARGET = 10.3;
				MTL_ENABLE_DEBUG_INFO = YES;
				ONLY_ACTIVE_ARCH = YES;
				SDKROOT = iphoneos;
				TARGETED_DEVICE_FAMILY = "1,2";
			};
			name = Debug;
		};
		4E49568A1E9F6E3600FF6280 /* Release */ = {
			isa = XCBuildConfiguration;
			buildSettings = {
				ALWAYS_SEARCH_USER_PATHS = NO;
				CLANG_ANALYZER_NONNULL = YES;
				CLANG_ANALYZER_NUMBER_OBJECT_CONVERSION = YES_AGGRESSIVE;
				CLANG_CXX_LANGUAGE_STANDARD = "gnu++0x";
				CLANG_CXX_LIBRARY = "libc++";
				CLANG_ENABLE_MODULES = YES;
				CLANG_ENABLE_OBJC_ARC = YES;
				CLANG_WARN_BOOL_CONVERSION = YES;
				CLANG_WARN_CONSTANT_CONVERSION = YES;
				CLANG_WARN_DIRECT_OBJC_ISA_USAGE = YES_ERROR;
				CLANG_WARN_DOCUMENTATION_COMMENTS = YES;
				CLANG_WARN_EMPTY_BODY = YES;
				CLANG_WARN_ENUM_CONVERSION = YES;
				CLANG_WARN_INFINITE_RECURSION = YES;
				CLANG_WARN_INT_CONVERSION = YES;
				CLANG_WARN_OBJC_ROOT_CLASS = YES_ERROR;
				CLANG_WARN_SUSPICIOUS_MOVE = YES;
				CLANG_WARN_UNREACHABLE_CODE = YES;
				CLANG_WARN__DUPLICATE_METHOD_MATCH = YES;
				"CODE_SIGN_IDENTITY[sdk=iphoneos*]" = "iPhone Developer";
				COPY_PHASE_STRIP = NO;
				DEBUG_INFORMATION_FORMAT = "dwarf-with-dsym";
				ENABLE_BITCODE = NO;
				ENABLE_NS_ASSERTIONS = NO;
				ENABLE_STRICT_OBJC_MSGSEND = YES;
				GCC_C_LANGUAGE_STANDARD = gnu99;
				GCC_NO_COMMON_BLOCKS = YES;
				GCC_WARN_64_TO_32_BIT_CONVERSION = YES;
				GCC_WARN_ABOUT_RETURN_TYPE = YES_ERROR;
				GCC_WARN_UNDECLARED_SELECTOR = YES;
				GCC_WARN_UNINITIALIZED_AUTOS = YES_AGGRESSIVE;
				GCC_WARN_UNUSED_FUNCTION = YES;
				GCC_WARN_UNUSED_VARIABLE = YES;
				IPHONEOS_DEPLOYMENT_TARGET = 10.3;
				MTL_ENABLE_DEBUG_INFO = NO;
				SDKROOT = iphoneos;
				TARGETED_DEVICE_FAMILY = "1,2";
				VALIDATE_PRODUCT = YES;
			};
			name = Release;
		};
		4E49568C1E9F6E3600FF6280 /* Debug */ = {
			isa = XCBuildConfiguration;
			baseConfigurationReference = 4721A9BC75669A9A3E908320 /* Pods-AVPlayerAdapterExample.debug.xcconfig */;
			buildSettings = {
				ASSETCATALOG_COMPILER_APPICON_NAME = AppIcon;
				DEVELOPMENT_TEAM = DAR8GLKRWU;
				FRAMEWORK_SEARCH_PATHS = (
					"$(inherited)",
					"$(PROJECT_DIR)",
					"$(PROJECT_DIR)/Carthage/Build/iOS",
				);
				INFOPLIST_FILE = AVPlayerAdapterExample/Info.plist;
				IPHONEOS_DEPLOYMENT_TARGET = 9.0;
				LD_RUNPATH_SEARCH_PATHS = "$(inherited) @executable_path/Frameworks";
				PRODUCT_BUNDLE_IDENTIFIER = com.npaw.youbora.AVPlayerAdapterExample;
				PRODUCT_NAME = "$(TARGET_NAME)";
			};
			name = Debug;
		};
		4E49568D1E9F6E3600FF6280 /* Release */ = {
			isa = XCBuildConfiguration;
			baseConfigurationReference = 2AA786835A5BDA404ED04448 /* Pods-AVPlayerAdapterExample.release.xcconfig */;
			buildSettings = {
				ASSETCATALOG_COMPILER_APPICON_NAME = AppIcon;
				DEVELOPMENT_TEAM = DAR8GLKRWU;
				FRAMEWORK_SEARCH_PATHS = (
					"$(inherited)",
					"$(PROJECT_DIR)",
					"$(PROJECT_DIR)/Carthage/Build/iOS",
				);
				INFOPLIST_FILE = AVPlayerAdapterExample/Info.plist;
				IPHONEOS_DEPLOYMENT_TARGET = 9.0;
				LD_RUNPATH_SEARCH_PATHS = "$(inherited) @executable_path/Frameworks";
				PRODUCT_BUNDLE_IDENTIFIER = com.npaw.youbora.AVPlayerAdapterExample;
				PRODUCT_NAME = "$(TARGET_NAME)";
			};
			name = Release;
		};
/* End XCBuildConfiguration section */

/* Begin XCConfigurationList section */
		4E49566F1E9F6E3600FF6280 /* Build configuration list for PBXProject "AVPlayerAdapterExample" */ = {
			isa = XCConfigurationList;
			buildConfigurations = (
				4E4956891E9F6E3600FF6280 /* Debug */,
				4E49568A1E9F6E3600FF6280 /* Release */,
			);
			defaultConfigurationIsVisible = 0;
			defaultConfigurationName = Release;
		};
		4E49568B1E9F6E3600FF6280 /* Build configuration list for PBXNativeTarget "AVPlayerAdapterExample" */ = {
			isa = XCConfigurationList;
			buildConfigurations = (
				4E49568C1E9F6E3600FF6280 /* Debug */,
				4E49568D1E9F6E3600FF6280 /* Release */,
			);
			defaultConfigurationIsVisible = 0;
			defaultConfigurationName = Release;
		};
/* End XCConfigurationList section */
	};
	rootObject = 4E49566C1E9F6E3600FF6280 /* Project object */;
}
